// !$*UTF8*$!
{
	archiveVersion = 1;
	classes = {
	};
	objectVersion = 48;
	objects = {

/* Begin PBXBuildFile section */
		77A8120982344C3531D3A382 /* Pods_Smack.framework in Frameworks */ = {isa = PBXBuildFile; fileRef = 4396865EC823C9BE33C21EFE /* Pods_Smack.framework */; };
		CC723F591FAA3128002F8773 /* Message.swift in Sources */ = {isa = PBXBuildFile; fileRef = CC723F581FAA3128002F8773 /* Message.swift */; };
		CC723F5B1FAA50AF002F8773 /* KeyboardBoundView.swift in Sources */ = {isa = PBXBuildFile; fileRef = CC723F5A1FAA50AF002F8773 /* KeyboardBoundView.swift */; };
		CC723F5D1FAA5590002F8773 /* MessageCell.swift in Sources */ = {isa = PBXBuildFile; fileRef = CC723F5C1FAA5590002F8773 /* MessageCell.swift */; };
		CC9476A21FA8E7AB0088B12E /* SocketService.swift in Sources */ = {isa = PBXBuildFile; fileRef = CC9476A11FA8E7AB0088B12E /* SocketService.swift */; };
		CCB1D8371F9EDA6B00D9569E /* AuthService.swift in Sources */ = {isa = PBXBuildFile; fileRef = CCB1D8361F9EDA6B00D9569E /* AuthService.swift */; };
		CCB1D8391FA0EE1A00D9569E /* RoundedButton.swift in Sources */ = {isa = PBXBuildFile; fileRef = CCB1D8381FA0EE1A00D9569E /* RoundedButton.swift */; };
		CCB1D83B1FA1076E00D9569E /* UserDataService.swift in Sources */ = {isa = PBXBuildFile; fileRef = CCB1D83A1FA1076E00D9569E /* UserDataService.swift */; };
		CCB1D83D1FA122B800D9569E /* AvatarPickerVC.swift in Sources */ = {isa = PBXBuildFile; fileRef = CCB1D83C1FA122B800D9569E /* AvatarPickerVC.swift */; };
		CCB1D83F1FA1248400D9569E /* AvatarCell.swift in Sources */ = {isa = PBXBuildFile; fileRef = CCB1D83E1FA1248400D9569E /* AvatarCell.swift */; };
		CCB1D8411FA17F8A00D9569E /* CircleImage.swift in Sources */ = {isa = PBXBuildFile; fileRef = CCB1D8401FA17F8A00D9569E /* CircleImage.swift */; };
		CCB1D8441FA2630300D9569E /* ProfileVC.swift in Sources */ = {isa = PBXBuildFile; fileRef = CCB1D8421FA2630300D9569E /* ProfileVC.swift */; };
		CCB1D8451FA2630300D9569E /* ProfileVC.xib in Resources */ = {isa = PBXBuildFile; fileRef = CCB1D8431FA2630300D9569E /* ProfileVC.xib */; };
		CCB1D8481FA7AD3000D9569E /* MessageService.swift in Sources */ = {isa = PBXBuildFile; fileRef = CCB1D8471FA7AD3000D9569E /* MessageService.swift */; };
		CCB1D84A1FA7AD7400D9569E /* Channel.swift in Sources */ = {isa = PBXBuildFile; fileRef = CCB1D8491FA7AD7400D9569E /* Channel.swift */; };
		CCB1D84C1FA7B89B00D9569E /* ChannelCell.swift in Sources */ = {isa = PBXBuildFile; fileRef = CCB1D84B1FA7B89B00D9569E /* ChannelCell.swift */; };
		CCB1D84F1FA7BE6E00D9569E /* AddChannelVC.swift in Sources */ = {isa = PBXBuildFile; fileRef = CCB1D84D1FA7BE6E00D9569E /* AddChannelVC.swift */; };
		CCB1D8501FA7BE6E00D9569E /* AddChannelVC.xib in Resources */ = {isa = PBXBuildFile; fileRef = CCB1D84E1FA7BE6E00D9569E /* AddChannelVC.xib */; };
		CCC2DEDE1F99296700B8283A /* AppDelegate.swift in Sources */ = {isa = PBXBuildFile; fileRef = CCC2DEDD1F99296700B8283A /* AppDelegate.swift */; };
		CCC2DEE31F99296700B8283A /* Main.storyboard in Resources */ = {isa = PBXBuildFile; fileRef = CCC2DEE11F99296700B8283A /* Main.storyboard */; };
		CCC2DEE51F99296700B8283A /* Assets.xcassets in Resources */ = {isa = PBXBuildFile; fileRef = CCC2DEE41F99296700B8283A /* Assets.xcassets */; };
		CCC2DEE81F99296700B8283A /* LaunchScreen.storyboard in Resources */ = {isa = PBXBuildFile; fileRef = CCC2DEE61F99296700B8283A /* LaunchScreen.storyboard */; };
		CCC2DEF71F99349D00B8283A /* ChatVC.swift in Sources */ = {isa = PBXBuildFile; fileRef = CCC2DEF61F99349D00B8283A /* ChatVC.swift */; };
		CCC2DEF91F9934AD00B8283A /* ChannelVC.swift in Sources */ = {isa = PBXBuildFile; fileRef = CCC2DEF81F9934AD00B8283A /* ChannelVC.swift */; };
		CCC2DEFA1F9938A100B8283A /* SWRevealViewController.m in Sources */ = {isa = PBXBuildFile; fileRef = CCC2DEF21F99319100B8283A /* SWRevealViewController.m */; };
		CCC2DEFC1F993B1900B8283A /* GradientView.swift in Sources */ = {isa = PBXBuildFile; fileRef = CCC2DEFB1F993B1900B8283A /* GradientView.swift */; };
		CCC2DEFF1F9E3DF300B8283A /* Constants.swift in Sources */ = {isa = PBXBuildFile; fileRef = CCC2DEFE1F9E3DF300B8283A /* Constants.swift */; };
		CCC2DF011F9E5DCB00B8283A /* LoginVC.swift in Sources */ = {isa = PBXBuildFile; fileRef = CCC2DF001F9E5DCB00B8283A /* LoginVC.swift */; };
		CCC2DF031F9E608B00B8283A /* CreateAccountVC.swift in Sources */ = {isa = PBXBuildFile; fileRef = CCC2DF021F9E608B00B8283A /* CreateAccountVC.swift */; };
/* End PBXBuildFile section */

/* Begin PBXFileReference section */
		4396865EC823C9BE33C21EFE /* Pods_Smack.framework */ = {isa = PBXFileReference; explicitFileType = wrapper.framework; includeInIndex = 0; path = Pods_Smack.framework; sourceTree = BUILT_PRODUCTS_DIR; };
		4D04BC7C549B57C8405C2BB3 /* Pods-Smack.debug.xcconfig */ = {isa = PBXFileReference; includeInIndex = 1; lastKnownFileType = text.xcconfig; name = "Pods-Smack.debug.xcconfig"; path = "Pods/Target Support Files/Pods-Smack/Pods-Smack.debug.xcconfig"; sourceTree = "<group>"; };
		69FDC4CA6909214D4D2794FE /* Pods-Smack.release.xcconfig */ = {isa = PBXFileReference; includeInIndex = 1; lastKnownFileType = text.xcconfig; name = "Pods-Smack.release.xcconfig"; path = "Pods/Target Support Files/Pods-Smack/Pods-Smack.release.xcconfig"; sourceTree = "<group>"; };
		CC723F581FAA3128002F8773 /* Message.swift */ = {isa = PBXFileReference; lastKnownFileType = sourcecode.swift; path = Message.swift; sourceTree = "<group>"; };
		CC723F5A1FAA50AF002F8773 /* KeyboardBoundView.swift */ = {isa = PBXFileReference; fileEncoding = 4; lastKnownFileType = sourcecode.swift; path = KeyboardBoundView.swift; sourceTree = "<group>"; };
		CC723F5C1FAA5590002F8773 /* MessageCell.swift */ = {isa = PBXFileReference; lastKnownFileType = sourcecode.swift; path = MessageCell.swift; sourceTree = "<group>"; };
		CC9476A11FA8E7AB0088B12E /* SocketService.swift */ = {isa = PBXFileReference; lastKnownFileType = sourcecode.swift; path = SocketService.swift; sourceTree = "<group>"; };
		CCB1D8361F9EDA6B00D9569E /* AuthService.swift */ = {isa = PBXFileReference; lastKnownFileType = sourcecode.swift; path = AuthService.swift; sourceTree = "<group>"; };
		CCB1D8381FA0EE1A00D9569E /* RoundedButton.swift */ = {isa = PBXFileReference; lastKnownFileType = sourcecode.swift; path = RoundedButton.swift; sourceTree = "<group>"; };
		CCB1D83A1FA1076E00D9569E /* UserDataService.swift */ = {isa = PBXFileReference; lastKnownFileType = sourcecode.swift; path = UserDataService.swift; sourceTree = "<group>"; };
		CCB1D83C1FA122B800D9569E /* AvatarPickerVC.swift */ = {isa = PBXFileReference; lastKnownFileType = sourcecode.swift; path = AvatarPickerVC.swift; sourceTree = "<group>"; };
		CCB1D83E1FA1248400D9569E /* AvatarCell.swift */ = {isa = PBXFileReference; lastKnownFileType = sourcecode.swift; path = AvatarCell.swift; sourceTree = "<group>"; };
		CCB1D8401FA17F8A00D9569E /* CircleImage.swift */ = {isa = PBXFileReference; lastKnownFileType = sourcecode.swift; path = CircleImage.swift; sourceTree = "<group>"; };
		CCB1D8421FA2630300D9569E /* ProfileVC.swift */ = {isa = PBXFileReference; lastKnownFileType = sourcecode.swift; path = ProfileVC.swift; sourceTree = "<group>"; };
		CCB1D8431FA2630300D9569E /* ProfileVC.xib */ = {isa = PBXFileReference; lastKnownFileType = file.xib; path = ProfileVC.xib; sourceTree = "<group>"; };
		CCB1D8471FA7AD3000D9569E /* MessageService.swift */ = {isa = PBXFileReference; lastKnownFileType = sourcecode.swift; path = MessageService.swift; sourceTree = "<group>"; };
		CCB1D8491FA7AD7400D9569E /* Channel.swift */ = {isa = PBXFileReference; lastKnownFileType = sourcecode.swift; path = Channel.swift; sourceTree = "<group>"; };
		CCB1D84B1FA7B89B00D9569E /* ChannelCell.swift */ = {isa = PBXFileReference; lastKnownFileType = sourcecode.swift; path = ChannelCell.swift; sourceTree = "<group>"; };
		CCB1D84D1FA7BE6E00D9569E /* AddChannelVC.swift */ = {isa = PBXFileReference; lastKnownFileType = sourcecode.swift; path = AddChannelVC.swift; sourceTree = "<group>"; };
		CCB1D84E1FA7BE6E00D9569E /* AddChannelVC.xib */ = {isa = PBXFileReference; lastKnownFileType = file.xib; path = AddChannelVC.xib; sourceTree = "<group>"; };
		CCC2DEDA1F99296700B8283A /* Smack.app */ = {isa = PBXFileReference; explicitFileType = wrapper.application; includeInIndex = 0; path = Smack.app; sourceTree = BUILT_PRODUCTS_DIR; };
		CCC2DEDD1F99296700B8283A /* AppDelegate.swift */ = {isa = PBXFileReference; lastKnownFileType = sourcecode.swift; path = AppDelegate.swift; sourceTree = "<group>"; };
		CCC2DEE21F99296700B8283A /* Base */ = {isa = PBXFileReference; lastKnownFileType = file.storyboard; name = Base; path = Base.lproj/Main.storyboard; sourceTree = "<group>"; };
		CCC2DEE41F99296700B8283A /* Assets.xcassets */ = {isa = PBXFileReference; lastKnownFileType = folder.assetcatalog; path = Assets.xcassets; sourceTree = "<group>"; };
		CCC2DEE71F99296700B8283A /* Base */ = {isa = PBXFileReference; lastKnownFileType = file.storyboard; name = Base; path = Base.lproj/LaunchScreen.storyboard; sourceTree = "<group>"; };
		CCC2DEE91F99296700B8283A /* Info.plist */ = {isa = PBXFileReference; lastKnownFileType = text.plist.xml; path = Info.plist; sourceTree = "<group>"; };
		CCC2DEF01F99318F00B8283A /* Smack-Bridging-Header.h */ = {isa = PBXFileReference; lastKnownFileType = sourcecode.c.h; path = "Smack-Bridging-Header.h"; sourceTree = "<group>"; };
		CCC2DEF11F99319000B8283A /* SWRevealViewController.h */ = {isa = PBXFileReference; lastKnownFileType = sourcecode.c.h; path = SWRevealViewController.h; sourceTree = "<group>"; };
		CCC2DEF21F99319100B8283A /* SWRevealViewController.m */ = {isa = PBXFileReference; lastKnownFileType = sourcecode.c.objc; path = SWRevealViewController.m; sourceTree = "<group>"; };
		CCC2DEF61F99349D00B8283A /* ChatVC.swift */ = {isa = PBXFileReference; lastKnownFileType = sourcecode.swift; path = ChatVC.swift; sourceTree = "<group>"; };
		CCC2DEF81F9934AD00B8283A /* ChannelVC.swift */ = {isa = PBXFileReference; lastKnownFileType = sourcecode.swift; path = ChannelVC.swift; sourceTree = "<group>"; };
		CCC2DEFB1F993B1900B8283A /* GradientView.swift */ = {isa = PBXFileReference; lastKnownFileType = sourcecode.swift; path = GradientView.swift; sourceTree = "<group>"; };
		CCC2DEFE1F9E3DF300B8283A /* Constants.swift */ = {isa = PBXFileReference; lastKnownFileType = sourcecode.swift; path = Constants.swift; sourceTree = "<group>"; };
		CCC2DF001F9E5DCB00B8283A /* LoginVC.swift */ = {isa = PBXFileReference; lastKnownFileType = sourcecode.swift; path = LoginVC.swift; sourceTree = "<group>"; };
		CCC2DF021F9E608B00B8283A /* CreateAccountVC.swift */ = {isa = PBXFileReference; lastKnownFileType = sourcecode.swift; path = CreateAccountVC.swift; sourceTree = "<group>"; };
/* End PBXFileReference section */

/* Begin PBXFrameworksBuildPhase section */
		CCC2DED71F99296700B8283A /* Frameworks */ = {
			isa = PBXFrameworksBuildPhase;
			buildActionMask = 2147483647;
			files = (
				77A8120982344C3531D3A382 /* Pods_Smack.framework in Frameworks */,
			);
			runOnlyForDeploymentPostprocessing = 0;
		};
/* End PBXFrameworksBuildPhase section */

/* Begin PBXGroup section */
		774D6C066C3C17BB531647D4 /* Frameworks */ = {
			isa = PBXGroup;
			children = (
				4396865EC823C9BE33C21EFE /* Pods_Smack.framework */,
			);
			name = Frameworks;
			sourceTree = "<group>";
		};
		7789D13E11A4596FC5B16F3F /* Pods */ = {
			isa = PBXGroup;
			children = (
				4D04BC7C549B57C8405C2BB3 /* Pods-Smack.debug.xcconfig */,
				69FDC4CA6909214D4D2794FE /* Pods-Smack.release.xcconfig */,
			);
			name = Pods;
			sourceTree = "<group>";
		};
		CCB1D8351F9EDA5600D9569E /* Services */ = {
			isa = PBXGroup;
			children = (
				CCB1D8361F9EDA6B00D9569E /* AuthService.swift */,
				CCB1D83A1FA1076E00D9569E /* UserDataService.swift */,
				CCB1D8471FA7AD3000D9569E /* MessageService.swift */,
				CC9476A11FA8E7AB0088B12E /* SocketService.swift */,
			);
			path = Services;
			sourceTree = "<group>";
		};
		CCB1D8461FA2633200D9569E /* XIBs */ = {
			isa = PBXGroup;
			children = (
				CCB1D8431FA2630300D9569E /* ProfileVC.xib */,
				CCB1D84E1FA7BE6E00D9569E /* AddChannelVC.xib */,
			);
			path = XIBs;
			sourceTree = "<group>";
		};
		CCC2DED11F99296700B8283A = {
			isa = PBXGroup;
			children = (
				CCC2DEDC1F99296700B8283A /* Smack */,
				CCC2DEDB1F99296700B8283A /* Products */,
				7789D13E11A4596FC5B16F3F /* Pods */,
				774D6C066C3C17BB531647D4 /* Frameworks */,
			);
			sourceTree = "<group>";
		};
		CCC2DEDB1F99296700B8283A /* Products */ = {
			isa = PBXGroup;
			children = (
				CCC2DEDA1F99296700B8283A /* Smack.app */,
			);
			name = Products;
			sourceTree = "<group>";
		};
		CCC2DEDC1F99296700B8283A /* Smack */ = {
			isa = PBXGroup;
			children = (
				CCB1D8461FA2633200D9569E /* XIBs */,
				CCB1D8351F9EDA5600D9569E /* Services */,
				CCC2DEFD1F9E3DDF00B8283A /* Utilities */,
				CCC2DEF51F99346E00B8283A /* Model */,
				CCC2DEF41F99346700B8283A /* View */,
				CCC2DEF31F99346100B8283A /* Controller */,
				CCC2DEEF1F99316500B8283A /* Supporting Files */,
				CCC2DEDD1F99296700B8283A /* AppDelegate.swift */,
				CCC2DEE11F99296700B8283A /* Main.storyboard */,
				CCC2DEE41F99296700B8283A /* Assets.xcassets */,
				CCC2DEE61F99296700B8283A /* LaunchScreen.storyboard */,
				CCC2DEE91F99296700B8283A /* Info.plist */,
			);
			path = Smack;
			sourceTree = "<group>";
		};
		CCC2DEEF1F99316500B8283A /* Supporting Files */ = {
			isa = PBXGroup;
			children = (
				CCC2DEF11F99319000B8283A /* SWRevealViewController.h */,
				CCC2DEF21F99319100B8283A /* SWRevealViewController.m */,
				CCC2DEF01F99318F00B8283A /* Smack-Bridging-Header.h */,
			);
			path = "Supporting Files";
			sourceTree = "<group>";
		};
		CCC2DEF31F99346100B8283A /* Controller */ = {
			isa = PBXGroup;
			children = (
				CCC2DEF61F99349D00B8283A /* ChatVC.swift */,
				CCC2DEF81F9934AD00B8283A /* ChannelVC.swift */,
				CCC2DF001F9E5DCB00B8283A /* LoginVC.swift */,
				CCC2DF021F9E608B00B8283A /* CreateAccountVC.swift */,
				CCB1D83C1FA122B800D9569E /* AvatarPickerVC.swift */,
				CCB1D8421FA2630300D9569E /* ProfileVC.swift */,
				CCB1D84D1FA7BE6E00D9569E /* AddChannelVC.swift */,
			);
			path = Controller;
			sourceTree = "<group>";
		};
		CCC2DEF41F99346700B8283A /* View */ = {
			isa = PBXGroup;
			children = (
				CCC2DEFB1F993B1900B8283A /* GradientView.swift */,
				CCB1D8381FA0EE1A00D9569E /* RoundedButton.swift */,
				CCB1D83E1FA1248400D9569E /* AvatarCell.swift */,
				CCB1D8401FA17F8A00D9569E /* CircleImage.swift */,
				CCB1D84B1FA7B89B00D9569E /* ChannelCell.swift */,
				CC723F5A1FAA50AF002F8773 /* KeyboardBoundView.swift */,
				CC723F5C1FAA5590002F8773 /* MessageCell.swift */,
			);
			path = View;
			sourceTree = "<group>";
		};
		CCC2DEF51F99346E00B8283A /* Model */ = {
			isa = PBXGroup;
			children = (
				CCB1D8491FA7AD7400D9569E /* Channel.swift */,
				CC723F581FAA3128002F8773 /* Message.swift */,
			);
			path = Model;
			sourceTree = "<group>";
		};
		CCC2DEFD1F9E3DDF00B8283A /* Utilities */ = {
			isa = PBXGroup;
			children = (
				CCC2DEFE1F9E3DF300B8283A /* Constants.swift */,
			);
			path = Utilities;
			sourceTree = "<group>";
		};
/* End PBXGroup section */

/* Begin PBXNativeTarget section */
		CCC2DED91F99296700B8283A /* Smack */ = {
			isa = PBXNativeTarget;
			buildConfigurationList = CCC2DEEC1F99296700B8283A /* Build configuration list for PBXNativeTarget "Smack" */;
			buildPhases = (
				F9AEE2AF2A8B5BEA46C20C51 /* [CP] Check Pods Manifest.lock */,
				CCC2DED61F99296700B8283A /* Sources */,
				CCC2DED71F99296700B8283A /* Frameworks */,
				CCC2DED81F99296700B8283A /* Resources */,
				389075F9CD5F22B4FB398230 /* [CP] Embed Pods Frameworks */,
				2A55E93DD19FA48AD3652EEC /* [CP] Copy Pods Resources */,
			);
			buildRules = (
			);
			dependencies = (
			);
			name = Smack;
			productName = Smack;
			productReference = CCC2DEDA1F99296700B8283A /* Smack.app */;
			productType = "com.apple.product-type.application";
		};
/* End PBXNativeTarget section */

/* Begin PBXProject section */
		CCC2DED21F99296700B8283A /* Project object */ = {
			isa = PBXProject;
			attributes = {
				LastSwiftUpdateCheck = 0900;
				LastUpgradeCheck = 0900;
				ORGANIZATIONNAME = "Adil Jiwani";
				TargetAttributes = {
					CCC2DED91F99296700B8283A = {
						CreatedOnToolsVersion = 9.0;
						LastSwiftMigration = 0900;
						ProvisioningStyle = Automatic;
					};
				};
			};
			buildConfigurationList = CCC2DED51F99296700B8283A /* Build configuration list for PBXProject "Smack" */;
			compatibilityVersion = "Xcode 8.0";
			developmentRegion = en;
			hasScannedForEncodings = 0;
			knownRegions = (
				en,
				Base,
			);
			mainGroup = CCC2DED11F99296700B8283A;
			productRefGroup = CCC2DEDB1F99296700B8283A /* Products */;
			projectDirPath = "";
			projectRoot = "";
			targets = (
				CCC2DED91F99296700B8283A /* Smack */,
			);
		};
/* End PBXProject section */

/* Begin PBXResourcesBuildPhase section */
		CCC2DED81F99296700B8283A /* Resources */ = {
			isa = PBXResourcesBuildPhase;
			buildActionMask = 2147483647;
			files = (
				CCB1D8501FA7BE6E00D9569E /* AddChannelVC.xib in Resources */,
				CCB1D8451FA2630300D9569E /* ProfileVC.xib in Resources */,
				CCC2DEE81F99296700B8283A /* LaunchScreen.storyboard in Resources */,
				CCC2DEE51F99296700B8283A /* Assets.xcassets in Resources */,
				CCC2DEE31F99296700B8283A /* Main.storyboard in Resources */,
			);
			runOnlyForDeploymentPostprocessing = 0;
		};
/* End PBXResourcesBuildPhase section */

/* Begin PBXShellScriptBuildPhase section */
		2A55E93DD19FA48AD3652EEC /* [CP] Copy Pods Resources */ = {
			isa = PBXShellScriptBuildPhase;
			buildActionMask = 2147483647;
			files = (
			);
			inputPaths = (
			);
			name = "[CP] Copy Pods Resources";
			outputPaths = (
			);
			runOnlyForDeploymentPostprocessing = 0;
			shellPath = /bin/sh;
			shellScript = "\"${SRCROOT}/Pods/Target Support Files/Pods-Smack/Pods-Smack-resources.sh\"\n";
			showEnvVarsInLog = 0;
		};
		389075F9CD5F22B4FB398230 /* [CP] Embed Pods Frameworks */ = {
			isa = PBXShellScriptBuildPhase;
			buildActionMask = 2147483647;
			files = (
			);
			inputPaths = (
			);
			name = "[CP] Embed Pods Frameworks";
			outputPaths = (
			);
			runOnlyForDeploymentPostprocessing = 0;
			shellPath = /bin/sh;
			shellScript = "\"${SRCROOT}/Pods/Target Support Files/Pods-Smack/Pods-Smack-frameworks.sh\"\n";
			showEnvVarsInLog = 0;
		};
		F9AEE2AF2A8B5BEA46C20C51 /* [CP] Check Pods Manifest.lock */ = {
			isa = PBXShellScriptBuildPhase;
			buildActionMask = 2147483647;
			files = (
			);
			inputPaths = (
			);
			name = "[CP] Check Pods Manifest.lock";
			outputPaths = (
			);
			runOnlyForDeploymentPostprocessing = 0;
			shellPath = /bin/sh;
			shellScript = "diff \"${PODS_ROOT}/../Podfile.lock\" \"${PODS_ROOT}/Manifest.lock\" > /dev/null\nif [ $? != 0 ] ; then\n    # print error to STDERR\n    echo \"error: The sandbox is not in sync with the Podfile.lock. Run 'pod install' or update your CocoaPods installation.\" >&2\n    exit 1\nfi\n";
			showEnvVarsInLog = 0;
		};
/* End PBXShellScriptBuildPhase section */

/* Begin PBXSourcesBuildPhase section */
		CCC2DED61F99296700B8283A /* Sources */ = {
			isa = PBXSourcesBuildPhase;
			buildActionMask = 2147483647;
			files = (
				CC723F5B1FAA50AF002F8773 /* KeyboardBoundView.swift in Sources */,
				CC9476A21FA8E7AB0088B12E /* SocketService.swift in Sources */,
				CCB1D8441FA2630300D9569E /* ProfileVC.swift in Sources */,
				CCB1D84C1FA7B89B00D9569E /* ChannelCell.swift in Sources */,
				CCC2DEF71F99349D00B8283A /* ChatVC.swift in Sources */,
				CCB1D83D1FA122B800D9569E /* AvatarPickerVC.swift in Sources */,
				CC723F5D1FAA5590002F8773 /* MessageCell.swift in Sources */,
				CCB1D8391FA0EE1A00D9569E /* RoundedButton.swift in Sources */,
				CC723F591FAA3128002F8773 /* Message.swift in Sources */,
				CCB1D84A1FA7AD7400D9569E /* Channel.swift in Sources */,
				CCB1D8411FA17F8A00D9569E /* CircleImage.swift in Sources */,
				CCB1D8481FA7AD3000D9569E /* MessageService.swift in Sources */,
				CCC2DEF91F9934AD00B8283A /* ChannelVC.swift in Sources */,
				CCB1D83B1FA1076E00D9569E /* UserDataService.swift in Sources */,
				CCC2DF031F9E608B00B8283A /* CreateAccountVC.swift in Sources */,
				CCB1D8371F9EDA6B00D9569E /* AuthService.swift in Sources */,
				CCC2DF011F9E5DCB00B8283A /* LoginVC.swift in Sources */,
				CCB1D84F1FA7BE6E00D9569E /* AddChannelVC.swift in Sources */,
				CCC2DEFC1F993B1900B8283A /* GradientView.swift in Sources */,
				CCB1D83F1FA1248400D9569E /* AvatarCell.swift in Sources */,
				CCC2DEDE1F99296700B8283A /* AppDelegate.swift in Sources */,
				CCC2DEFA1F9938A100B8283A /* SWRevealViewController.m in Sources */,
				CCC2DEFF1F9E3DF300B8283A /* Constants.swift in Sources */,
			);
			runOnlyForDeploymentPostprocessing = 0;
		};
/* End PBXSourcesBuildPhase section */

/* Begin PBXVariantGroup section */
		CCC2DEE11F99296700B8283A /* Main.storyboard */ = {
			isa = PBXVariantGroup;
			children = (
				CCC2DEE21F99296700B8283A /* Base */,
			);
			name = Main.storyboard;
			sourceTree = "<group>";
		};
		CCC2DEE61F99296700B8283A /* LaunchScreen.storyboard */ = {
			isa = PBXVariantGroup;
			children = (
				CCC2DEE71F99296700B8283A /* Base */,
			);
			name = LaunchScreen.storyboard;
			sourceTree = "<group>";
		};
/* End PBXVariantGroup section */

/* Begin XCBuildConfiguration section */
		CCC2DEEA1F99296700B8283A /* Debug */ = {
			isa = XCBuildConfiguration;
			buildSettings = {
				ALWAYS_SEARCH_USER_PATHS = NO;
				CLANG_ANALYZER_NONNULL = YES;
				CLANG_ANALYZER_NUMBER_OBJECT_CONVERSION = YES_AGGRESSIVE;
				CLANG_CXX_LANGUAGE_STANDARD = "gnu++14";
				CLANG_CXX_LIBRARY = "libc++";
				CLANG_ENABLE_MODULES = YES;
				CLANG_ENABLE_OBJC_ARC = YES;
				CLANG_WARN_BLOCK_CAPTURE_AUTORELEASING = YES;
				CLANG_WARN_BOOL_CONVERSION = YES;
				CLANG_WARN_COMMA = YES;
				CLANG_WARN_CONSTANT_CONVERSION = YES;
				CLANG_WARN_DIRECT_OBJC_ISA_USAGE = YES_ERROR;
				CLANG_WARN_DOCUMENTATION_COMMENTS = YES;
				CLANG_WARN_EMPTY_BODY = YES;
				CLANG_WARN_ENUM_CONVERSION = YES;
				CLANG_WARN_INFINITE_RECURSION = YES;
				CLANG_WARN_INT_CONVERSION = YES;
				CLANG_WARN_NON_LITERAL_NULL_CONVERSION = YES;
				CLANG_WARN_OBJC_LITERAL_CONVERSION = YES;
				CLANG_WARN_OBJC_ROOT_CLASS = YES_ERROR;
				CLANG_WARN_RANGE_LOOP_ANALYSIS = YES;
				CLANG_WARN_STRICT_PROTOTYPES = YES;
				CLANG_WARN_SUSPICIOUS_MOVE = YES;
				CLANG_WARN_UNGUARDED_AVAILABILITY = YES_AGGRESSIVE;
				CLANG_WARN_UNREACHABLE_CODE = YES;
				CLANG_WARN__DUPLICATE_METHOD_MATCH = YES;
				CODE_SIGN_IDENTITY = "iPhone Developer";
				COPY_PHASE_STRIP = NO;
				DEBUG_INFORMATION_FORMAT = dwarf;
				ENABLE_STRICT_OBJC_MSGSEND = YES;
				ENABLE_TESTABILITY = YES;
				GCC_C_LANGUAGE_STANDARD = gnu11;
				GCC_DYNAMIC_NO_PIC = NO;
				GCC_NO_COMMON_BLOCKS = YES;
				GCC_OPTIMIZATION_LEVEL = 0;
				GCC_PREPROCESSOR_DEFINITIONS = (
					"DEBUG=1",
					"$(inherited)",
				);
				GCC_WARN_64_TO_32_BIT_CONVERSION = YES;
				GCC_WARN_ABOUT_RETURN_TYPE = YES_ERROR;
				GCC_WARN_UNDECLARED_SELECTOR = YES;
				GCC_WARN_UNINITIALIZED_AUTOS = YES_AGGRESSIVE;
				GCC_WARN_UNUSED_FUNCTION = YES;
				GCC_WARN_UNUSED_VARIABLE = YES;
				IPHONEOS_DEPLOYMENT_TARGET = 11.0;
				MTL_ENABLE_DEBUG_INFO = YES;
				ONLY_ACTIVE_ARCH = YES;
				SDKROOT = iphoneos;
				SWIFT_ACTIVE_COMPILATION_CONDITIONS = DEBUG;
				SWIFT_OPTIMIZATION_LEVEL = "-Onone";
			};
			name = Debug;
		};
		CCC2DEEB1F99296700B8283A /* Release */ = {
			isa = XCBuildConfiguration;
			buildSettings = {
				ALWAYS_SEARCH_USER_PATHS = NO;
				CLANG_ANALYZER_NONNULL = YES;
				CLANG_ANALYZER_NUMBER_OBJECT_CONVERSION = YES_AGGRESSIVE;
				CLANG_CXX_LANGUAGE_STANDARD = "gnu++14";
				CLANG_CXX_LIBRARY = "libc++";
				CLANG_ENABLE_MODULES = YES;
				CLANG_ENABLE_OBJC_ARC = YES;
				CLANG_WARN_BLOCK_CAPTURE_AUTORELEASING = YES;
				CLANG_WARN_BOOL_CONVERSION = YES;
				CLANG_WARN_COMMA = YES;
				CLANG_WARN_CONSTANT_CONVERSION = YES;
				CLANG_WARN_DIRECT_OBJC_ISA_USAGE = YES_ERROR;
				CLANG_WARN_DOCUMENTATION_COMMENTS = YES;
				CLANG_WARN_EMPTY_BODY = YES;
				CLANG_WARN_ENUM_CONVERSION = YES;
				CLANG_WARN_INFINITE_RECURSION = YES;
				CLANG_WARN_INT_CONVERSION = YES;
				CLANG_WARN_NON_LITERAL_NULL_CONVERSION = YES;
				CLANG_WARN_OBJC_LITERAL_CONVERSION = YES;
				CLANG_WARN_OBJC_ROOT_CLASS = YES_ERROR;
				CLANG_WARN_RANGE_LOOP_ANALYSIS = YES;
				CLANG_WARN_STRICT_PROTOTYPES = YES;
				CLANG_WARN_SUSPICIOUS_MOVE = YES;
				CLANG_WARN_UNGUARDED_AVAILABILITY = YES_AGGRESSIVE;
				CLANG_WARN_UNREACHABLE_CODE = YES;
				CLANG_WARN__DUPLICATE_METHOD_MATCH = YES;
				CODE_SIGN_IDENTITY = "iPhone Developer";
				COPY_PHASE_STRIP = NO;
				DEBUG_INFORMATION_FORMAT = "dwarf-with-dsym";
				ENABLE_NS_ASSERTIONS = NO;
				ENABLE_STRICT_OBJC_MSGSEND = YES;
				GCC_C_LANGUAGE_STANDARD = gnu11;
				GCC_NO_COMMON_BLOCKS = YES;
				GCC_WARN_64_TO_32_BIT_CONVERSION = YES;
				GCC_WARN_ABOUT_RETURN_TYPE = YES_ERROR;
				GCC_WARN_UNDECLARED_SELECTOR = YES;
				GCC_WARN_UNINITIALIZED_AUTOS = YES_AGGRESSIVE;
				GCC_WARN_UNUSED_FUNCTION = YES;
				GCC_WARN_UNUSED_VARIABLE = YES;
				IPHONEOS_DEPLOYMENT_TARGET = 11.0;
				MTL_ENABLE_DEBUG_INFO = NO;
				SDKROOT = iphoneos;
				SWIFT_OPTIMIZATION_LEVEL = "-Owholemodule";
				VALIDATE_PRODUCT = YES;
			};
			name = Release;
		};
		CCC2DEED1F99296700B8283A /* Debug */ = {
			isa = XCBuildConfiguration;
			baseConfigurationReference = 4D04BC7C549B57C8405C2BB3 /* Pods-Smack.debug.xcconfig */;
			buildSettings = {
				ASSETCATALOG_COMPILER_APPICON_NAME = AppIcon;
				CLANG_ENABLE_MODULES = YES;
				CODE_SIGN_STYLE = Automatic;
				INFOPLIST_FILE = Smack/Info.plist;
				LD_RUNPATH_SEARCH_PATHS = "$(inherited) @executable_path/Frameworks";
				PRODUCT_BUNDLE_IDENTIFIER = AJ.Smack;
				PRODUCT_NAME = "$(TARGET_NAME)";
				SWIFT_OBJC_BRIDGING_HEADER = "Smack/Supporting Files/Smack-Bridging-Header.h";
				SWIFT_OPTIMIZATION_LEVEL = "-Onone";
				SWIFT_VERSION = 4.0;
				TARGETED_DEVICE_FAMILY = "1,2";
			};
			name = Debug;
		};
		CCC2DEEE1F99296700B8283A /* Release */ = {
			isa = XCBuildConfiguration;
			baseConfigurationReference = 69FDC4CA6909214D4D2794FE /* Pods-Smack.release.xcconfig */;
			buildSettings = {
				ASSETCATALOG_COMPILER_APPICON_NAME = AppIcon;
				CLANG_ENABLE_MODULES = YES;
				CODE_SIGN_STYLE = Automatic;
				INFOPLIST_FILE = Smack/Info.plist;
				LD_RUNPATH_SEARCH_PATHS = "$(inherited) @executable_path/Frameworks";
				PRODUCT_BUNDLE_IDENTIFIER = AJ.Smack;
				PRODUCT_NAME = "$(TARGET_NAME)";
				SWIFT_OBJC_BRIDGING_HEADER = "Smack/Supporting Files/Smack-Bridging-Header.h";
				SWIFT_VERSION = 4.0;
				TARGETED_DEVICE_FAMILY = "1,2";
			};
			name = Release;
		};
/* End XCBuildConfiguration section */

/* Begin XCConfigurationList section */
		CCC2DED51F99296700B8283A /* Build configuration list for PBXProject "Smack" */ = {
			isa = XCConfigurationList;
			buildConfigurations = (
				CCC2DEEA1F99296700B8283A /* Debug */,
				CCC2DEEB1F99296700B8283A /* Release */,
			);
			defaultConfigurationIsVisible = 0;
			defaultConfigurationName = Release;
		};
		CCC2DEEC1F99296700B8283A /* Build configuration list for PBXNativeTarget "Smack" */ = {
			isa = XCConfigurationList;
			buildConfigurations = (
				CCC2DEED1F99296700B8283A /* Debug */,
				CCC2DEEE1F99296700B8283A /* Release */,
			);
			defaultConfigurationIsVisible = 0;
			defaultConfigurationName = Release;
		};
/* End XCConfigurationList section */
	};
	rootObject = CCC2DED21F99296700B8283A /* Project object */;
}
